
Microsoft Visual Studio Solution File, Format Version 12.00
Project("{FAE04EC0-301F-11D3-BF4B-00C04F79EFBC}") = "SweethomeAPI", "SweethomeAPI\SweethomeAPI.csproj", "{BBC980E8-DAF9-4AFA-AA35-8FFF3EE530D6}"
EndProject
Project("{FAE04EC0-301F-11D3-BF4B-00C04F79EFBC}") = "SweetHome.DAL", "SweetHome.DAL\SweetHome.DAL.csproj", "{7FABABC5-B24B-43A7-9087-447E560DED4E}"
EndProject
Project("{FAE04EC0-301F-11D3-BF4B-00C04F79EFBC}") = "Sweethome.Domain", "Sweethome.Domain\Sweethome.Domain.csproj", "{C6246FE1-7015-421C-A9EC-E307C635EA32}"
EndProject
Global
	GlobalSection(SolutionConfigurationPlatforms) = preSolution
		Debug|Any CPU = Debug|Any CPU
		Release|Any CPU = Release|Any CPU
	EndGlobalSection
	GlobalSection(ProjectConfigurationPlatforms) = postSolution
		{BBC980E8-DAF9-4AFA-AA35-8FFF3EE530D6}.Debug|Any CPU.ActiveCfg = Debug|Any CPU
		{BBC980E8-DAF9-4AFA-AA35-8FFF3EE530D6}.Debug|Any CPU.Build.0 = Debug|Any CPU
		{BBC980E8-DAF9-4AFA-AA35-8FFF3EE530D6}.Release|Any CPU.ActiveCfg = Release|Any CPU
		{BBC980E8-DAF9-4AFA-AA35-8FFF3EE530D6}.Release|Any CPU.Build.0 = Release|Any CPU
		{7FABABC5-B24B-43A7-9087-447E560DED4E}.Debug|Any CPU.ActiveCfg = Debug|Any CPU
		{7FABABC5-B24B-43A7-9087-447E560DED4E}.Debug|Any CPU.Build.0 = Debug|Any CPU
		{7FABABC5-B24B-43A7-9087-447E560DED4E}.Release|Any CPU.ActiveCfg = Release|Any CPU
		{7FABABC5-B24B-43A7-9087-447E560DED4E}.Release|Any CPU.Build.0 = Release|Any CPU
		{C6246FE1-7015-421C-A9EC-E307C635EA32}.Debug|Any CPU.ActiveCfg = Debug|Any CPU
		{C6246FE1-7015-421C-A9EC-E307C635EA32}.Debug|Any CPU.Build.0 = Debug|Any CPU
		{C6246FE1-7015-421C-A9EC-E307C635EA32}.Release|Any CPU.ActiveCfg = Release|Any CPU
		{C6246FE1-7015-421C-A9EC-E307C635EA32}.Release|Any CPU.Build.0 = Release|Any CPU
	EndGlobalSection
EndGlobal
